
Microsoft Visual Studio Solution File, Format Version 12.00
# Visual Studio 15
VisualStudioVersion = 15.0.27428.2005
MinimumVisualStudioVersion = 10.0.40219.1
Project("{E24C65DC-7377-472B-9ABA-BC803B73C61A}") = "HPhousesorting", "HPhousesorting\", "{7476621C-507E-42EF-972A-B76A166A51BA}"
	ProjectSection(WebsiteProperties) = preProject
		TargetFrameworkMoniker = ".NETFramework,Version%3Dv4.6.1"
		Debug.AspNetCompiler.VirtualPath = "/localhost_49252"
		Debug.AspNetCompiler.PhysicalPath = "HPhousesorting\"
		Debug.AspNetCompiler.TargetPath = "PrecompiledWeb\localhost_49252\"
		Debug.AspNetCompiler.Updateable = "true"
		Debug.AspNetCompiler.ForceOverwrite = "true"
		Debug.AspNetCompiler.FixedNames = "false"
		Debug.AspNetCompiler.Debug = "True"
		Release.AspNetCompiler.VirtualPath = "/localhost_49252"
		Release.AspNetCompiler.PhysicalPath = "HPhousesorting\"
		Release.AspNetCompiler.TargetPath = "PrecompiledWeb\localhost_49252\"
		Release.AspNetCompiler.Updateable = "true"
		Release.AspNetCompiler.ForceOverwrite = "true"
		Release.AspNetCompiler.FixedNames = "false"
		Release.AspNetCompiler.Debug = "False"
		VWDPort = "49252"
		SlnRelativePath = "HPhousesorting\"
		DefaultWebSiteLanguage = "Visual C#"
	EndProjectSection
EndProject
Global
	GlobalSection(SolutionConfigurationPlatforms) = preSolution
		Debug|Any CPU = Debug|Any CPU
	EndGlobalSection
	GlobalSection(ProjectConfigurationPlatforms) = postSolution
		{7476621C-507E-42EF-972A-B76A166A51BA}.Debug|Any CPU.ActiveCfg = Debug|Any CPU
		{7476621C-507E-42EF-972A-B76A166A51BA}.Debug|Any CPU.Build.0 = Debug|Any CPU
	EndGlobalSection
	GlobalSection(SolutionProperties) = preSolution
		HideSolutionNode = FALSE
	EndGlobalSection
	GlobalSection(ExtensibilityGlobals) = postSolution
		SolutionGuid = {92649C91-4763-4305-B461-CC7B55BA28D4}
	EndGlobalSection
EndGlobal
